{
  "requires": true,
  "lockfileVersion": 1,
  "dependencies": {
    "@agm/core": {
      "version": "1.0.0-beta.5",
      "resolved": "https://registry.npmjs.org/@agm/core/-/core-1.0.0-beta.5.tgz",
      "integrity": "sha512-LVENJqtBZEWpX+uJkGI0zgg+Xkm2KkktQm4ojZozArbeNvQkVL6pqVc04Mme6vvOzwJpD1cET5w4byC8Xaq1QQ=="
    },
    "agm-direction": {
      "version": "0.7.6",
      "resolved": "https://registry.npmjs.org/agm-direction/-/agm-direction-0.7.6.tgz",
      "integrity": "sha512-DefGnQSFpDnEM71t9bzNT5t5R2Xb2l41Y64pEmIe+hwEuZKMpCPIQ+4/tpEY3pdZoSOOEtNAEKyLUpvshWOnXg=="
    }
  }
}
